
Microsoft Visual Studio Solution File, Format Version 10.00
# Visual Studio 2008
Project("{8BC9CEB8-8B4A-11D0-8D11-00A0C91BC942}") = "LMedia", "LMedia.vcproj", "{AEB036D8-177E-40FA-A3A1-0B774D68FF24}"
EndProject
Global
	GlobalSection(SolutionConfigurationPlatforms) = preSolution
		Debug|Win32 = Debug|Win32
		Release|Win32 = Release|Win32
	EndGlobalSection
	GlobalSection(ProjectConfigurationPlatforms) = postSolution
		{AEB036D8-177E-40FA-A3A1-0B774D68FF24}.Debug|Win32.ActiveCfg = Debug|Win32
		{AEB036D8-177E-40FA-A3A1-0B774D68FF24}.Debug|Win32.Build.0 = Debug|Win32
		{AEB036D8-177E-40FA-A3A1-0B774D68FF24}.Release|Win32.ActiveCfg = Release|Win32
		{AEB036D8-177E-40FA-A3A1-0B774D68FF24}.Release|Win32.Build.0 = Release|Win32
	EndGlobalSection
	GlobalSection(SolutionProperties) = preSolution
		HideSolutionNode = FALSE
	EndGlobalSection
EndGlobal
